{
  "version": 4,
  "terraform_version": "0.13.2",
  "serial": 9,
  "lineage": "7df0fbd2-aaec-d777-4967-151d5a4c5ee4",
  "outputs": {},
  "resources": [
    {
      "mode": "managed",
      "type": "aws_instance",
      "name": "dove-inst",
      "provider": "provider[\"registry.terraform.io/hashicorp/aws\"]",
      "instances": [
        {
          "schema_version": 1,
          "attributes": {
            "ami": "ami-03657b56516ab7912",
            "arn": "arn:aws:ec2:us-east-2:499770825737:instance/i-095f72ffa55e7e7df",
            "associate_public_ip_address": true,
            "availability_zone": "us-east-2a",
            "cpu_core_count": 1,
            "cpu_threads_per_core": 1,
            "credit_specification": [
              {
                "cpu_credits": "standard"
              }
            ],
            "disable_api_termination": false,
            "ebs_block_device": [],
            "ebs_optimized": false,
            "ephemeral_block_device": [],
            "get_password_data": false,
            "hibernation": false,
            "host_id": null,
            "iam_instance_profile": "",
            "id": "i-095f72ffa55e7e7df",
            "instance_initiated_shutdown_behavior": null,
            "instance_state": "running",
            "instance_type": "t2.micro",
            "ipv6_address_count": 0,
            "ipv6_addresses": [],
            "key_name": "dovekey",
            "metadata_options": [
              {
                "http_endpoint": "enabled",
                "http_put_response_hop_limit": 1,
                "http_tokens": "optional"
              }
            ],
            "monitoring": false,
            "network_interface": [],
            "outpost_arn": "",
            "password_data": "",
            "placement_group": "",
            "primary_network_interface_id": "eni-0056791d35900de5b",
            "private_dns": "ip-172-31-0-24.us-east-2.compute.internal",
            "private_ip": "172.31.0.24",
            "public_dns": "ec2-3-15-218-191.us-east-2.compute.amazonaws.com",
            "public_ip": "3.15.218.191",
            "root_block_device": [
              {
                "delete_on_termination": true,
                "device_name": "/dev/xvda",
                "encrypted": false,
                "iops": 100,
                "kms_key_id": "",
                "volume_id": "vol-0a15870951b394e1a",
                "volume_size": 8,
                "volume_type": "gp2"
              }
            ],
            "secondary_private_ips": [],
            "security_groups": [
              "dove-sg"
            ],
            "source_dest_check": true,
            "subnet_id": "subnet-d79954bc",
            "tags": {
              "Name": "Dove-Instance",
              "Project": "Dove"
            },
            "tenancy": "default",
            "timeouts": null,
            "user_data": null,
            "user_data_base64": null,
            "volume_tags": {},
            "vpc_security_group_ids": [
              "sg-0780815f55104be8a"
            ]
          },
          "private": "eyJlMmJmYjczMC1lY2FhLTExZTYtOGY4OC0zNDM2M2JjN2M0YzAiOnsiY3JlYXRlIjo2MDAwMDAwMDAwMDAsImRlbGV0ZSI6MTIwMDAwMDAwMDAwMCwidXBkYXRlIjo2MDAwMDAwMDAwMDB9LCJzY2hlbWFfdmVyc2lvbiI6IjEifQ==",
          "dependencies": [
            "aws_key_pair.dove-key"
          ]
        }
      ]
    },
    {
      "mode": "managed",
      "type": "aws_key_pair",
      "name": "dove-key",
      "provider": "provider[\"registry.terraform.io/hashicorp/aws\"]",
      "instances": [
        {
          "schema_version": 1,
          "attributes": {
            "arn": "arn:aws:ec2:us-east-2:499770825737:key-pair/dovekey",
            "fingerprint": "6e:c5:0b:49:15:9b:3a:7e:2f:ff:19:47:30:ae:12:d4",
            "id": "dovekey",
            "key_name": "dovekey",
            "key_name_prefix": null,
            "key_pair_id": "key-0539806408d5b6261",
            "public_key": "ssh-rsa AAAAB3NzaC1yc2EAAAADAQABAAABgQC7x2jZKJmBiw0rZQeEOgKTTrrNR0zjlHPMX0WRMgFweFfcc1hjoqhEoxNQQKlcU29nwdcfOUVwQMODJCCkOPl4GnH2dN9Z3wudRE8AoIBd0H0D2alYFgoMNGwlap0VvZGFvQ3ga/N697/vkGt2M2Y8Hv+nXaJjn1WKcntfrNpCaJwbJlEkv3KmBYh+b1lFetIqeQYPqts0utt9lyL0UMQWOi/kTRgYSa9U8mIl4gvSGBPMBdD/TBVHvZgI+F+7Iape1qzEj9Eg+ava3ak8U7c1jxnBDeqAqkOO2D9sh8G++9N1YueuZq3KN1xNucAr2fr9EJtG51zPDDoUijwOi+6PQXBonTPlHCev3aihd/8Iyf4KspgvzKyVcskyPSsjlIRgtxs9FEynG2EjUY39LyDjqOQOAFvAyU892GyHhohleq1rcbROBZZZRP+NgdAQlt0CSr4sbg+APc3dPxbe6G+0sfq5NZOLDpYcGI4aGz3RLK+3AyTkWXOiaZ3apGMD9U0= imran@LAPTOP-2J0OK66A",
            "tags": {}
          },
          "private": "eyJzY2hlbWFfdmVyc2lvbiI6IjEifQ=="
        }
      ]
    }
  ]
}
